
Microsoft Visual Studio Solution File, Format Version 12.00
# Visual Studio Version 17
VisualStudioVersion = 17.11.35219.272
MinimumVisualStudioVersion = 10.0.40219.1
Project("{FAE04EC0-301F-11D3-BF4B-00C04F79EFBC}") = "TP4", "TP4\TP4.csproj", "{55CAD60D-5483-40AF-BA80-FAEC4FD75A90}"
EndProject
Global
	GlobalSection(SolutionConfigurationPlatforms) = preSolution
		Debug|Any CPU = Debug|Any CPU
		Release|Any CPU = Release|Any CPU
	EndGlobalSection
	GlobalSection(ProjectConfigurationPlatforms) = postSolution
		{55CAD60D-5483-40AF-BA80-FAEC4FD75A90}.Debug|Any CPU.ActiveCfg = Debug|Any CPU
		{55CAD60D-5483-40AF-BA80-FAEC4FD75A90}.Debug|Any CPU.Build.0 = Debug|Any CPU
		{55CAD60D-5483-40AF-BA80-FAEC4FD75A90}.Release|Any CPU.ActiveCfg = Release|Any CPU
		{55CAD60D-5483-40AF-BA80-FAEC4FD75A90}.Release|Any CPU.Build.0 = Release|Any CPU
	EndGlobalSection
	GlobalSection(SolutionProperties) = preSolution
		HideSolutionNode = FALSE
	EndGlobalSection
	GlobalSection(ExtensibilityGlobals) = postSolution
		SolutionGuid = {616C5483-B6FE-403B-97F2-4A8E532CB68E}
	EndGlobalSection
EndGlobal
